
Microsoft Visual Studio Solution File, Format Version 12.00
# Visual Studio Version 17
VisualStudioVersion = 17.7.34031.279
MinimumVisualStudioVersion = 10.0.40219.1
Project("{FAE04EC0-301F-11D3-BF4B-00C04F79EFBC}") = "Sender", "Sender\Sender.csproj", "{396928E0-B652-44D5-989E-40711A0CE8BD}"
EndProject
Global
	GlobalSection(SolutionConfigurationPlatforms) = preSolution
		Debug|Any CPU = Debug|Any CPU
		Release|Any CPU = Release|Any CPU
	EndGlobalSection
	GlobalSection(ProjectConfigurationPlatforms) = postSolution
		{396928E0-B652-44D5-989E-40711A0CE8BD}.Debug|Any CPU.ActiveCfg = Debug|Any CPU
		{396928E0-B652-44D5-989E-40711A0CE8BD}.Debug|Any CPU.Build.0 = Debug|Any CPU
		{396928E0-B652-44D5-989E-40711A0CE8BD}.Release|Any CPU.ActiveCfg = Release|Any CPU
		{396928E0-B652-44D5-989E-40711A0CE8BD}.Release|Any CPU.Build.0 = Release|Any CPU
	EndGlobalSection
	GlobalSection(SolutionProperties) = preSolution
		HideSolutionNode = FALSE
	EndGlobalSection
	GlobalSection(ExtensibilityGlobals) = postSolution
		SolutionGuid = {7B8534C3-729E-4875-9224-760C1A701A07}
	EndGlobalSection
EndGlobal
